// !$*UTF8*$!
{
	archiveVersion = 1;
	classes = {
	};
	objectVersion = 46;
	objects = {

/* Begin PBXBuildFile section */
		023F34541E1AF40400D03874 /* Region.swift in Sources */ = {isa = PBXBuildFile; fileRef = 023F34531E1AF40400D03874 /* Region.swift */; };
		02EF687C1E1A5AF400A9DF6C /* AppDelegate.swift in Sources */ = {isa = PBXBuildFile; fileRef = 02EF687B1E1A5AF400A9DF6C /* AppDelegate.swift */; };
		02EF687E1E1A5AF400A9DF6C /* Assets.xcassets in Resources */ = {isa = PBXBuildFile; fileRef = 02EF687D1E1A5AF400A9DF6C /* Assets.xcassets */; };
		02EF68811E1A5AF400A9DF6C /* MainMenu.xib in Resources */ = {isa = PBXBuildFile; fileRef = 02EF687F1E1A5AF400A9DF6C /* MainMenu.xib */; };
		02EF68891E1A5BE000A9DF6C /* RiotDataController.swift in Sources */ = {isa = PBXBuildFile; fileRef = 02EF68881E1A5BE000A9DF6C /* RiotDataController.swift */; };
		02EF688B1E1A680A00A9DF6C /* FriendViewController.swift in Sources */ = {isa = PBXBuildFile; fileRef = 02EF688A1E1A680A00A9DF6C /* FriendViewController.swift */; };
		02EF688D1E1A73A900A9DF6C /* Summoner.swift in Sources */ = {isa = PBXBuildFile; fileRef = 02EF688C1E1A73A900A9DF6C /* Summoner.swift */; };
		02EF688F1E1A8B9B00A9DF6C /* FriendCellView.swift in Sources */ = {isa = PBXBuildFile; fileRef = 02EF688E1E1A8B9B00A9DF6C /* FriendCellView.swift */; };
		A7078EA21F88EC05006770AF /* Key.plist in Resources */ = {isa = PBXBuildFile; fileRef = A7078EA11F88EC05006770AF /* Key.plist */; };
/* End PBXBuildFile section */

/* Begin PBXFileReference section */
		023F34531E1AF40400D03874 /* Region.swift */ = {isa = PBXFileReference; fileEncoding = 4; lastKnownFileType = sourcecode.swift; path = Region.swift; sourceTree = "<group>"; };
		02EF68781E1A5AF400A9DF6C /* LoL-Friends.app */ = {isa = PBXFileReference; explicitFileType = wrapper.application; includeInIndex = 0; path = "LoL-Friends.app"; sourceTree = BUILT_PRODUCTS_DIR; };
		02EF687B1E1A5AF400A9DF6C /* AppDelegate.swift */ = {isa = PBXFileReference; lastKnownFileType = sourcecode.swift; path = AppDelegate.swift; sourceTree = "<group>"; };
		02EF687D1E1A5AF400A9DF6C /* Assets.xcassets */ = {isa = PBXFileReference; lastKnownFileType = folder.assetcatalog; path = Assets.xcassets; sourceTree = "<group>"; };
		02EF68801E1A5AF400A9DF6C /* Base */ = {isa = PBXFileReference; lastKnownFileType = file.xib; name = Base; path = Base.lproj/MainMenu.xib; sourceTree = "<group>"; };
		02EF68821E1A5AF400A9DF6C /* Info.plist */ = {isa = PBXFileReference; lastKnownFileType = text.plist.xml; path = Info.plist; sourceTree = "<group>"; };
		02EF68881E1A5BE000A9DF6C /* RiotDataController.swift */ = {isa = PBXFileReference; fileEncoding = 4; lastKnownFileType = sourcecode.swift; path = RiotDataController.swift; sourceTree = "<group>"; };
		02EF688A1E1A680A00A9DF6C /* FriendViewController.swift */ = {isa = PBXFileReference; fileEncoding = 4; lastKnownFileType = sourcecode.swift; path = FriendViewController.swift; sourceTree = "<group>"; };
		02EF688C1E1A73A900A9DF6C /* Summoner.swift */ = {isa = PBXFileReference; fileEncoding = 4; lastKnownFileType = sourcecode.swift; path = Summoner.swift; sourceTree = "<group>"; };
		02EF688E1E1A8B9B00A9DF6C /* FriendCellView.swift */ = {isa = PBXFileReference; fileEncoding = 4; lastKnownFileType = sourcecode.swift; path = FriendCellView.swift; sourceTree = "<group>"; };
		A7078EA11F88EC05006770AF /* Key.plist */ = {isa = PBXFileReference; lastKnownFileType = text.plist.xml; path = Key.plist; sourceTree = "<group>"; };
/* End PBXFileReference section */

/* Begin PBXFrameworksBuildPhase section */
		02EF68751E1A5AF400A9DF6C /* Frameworks */ = {
			isa = PBXFrameworksBuildPhase;
			buildActionMask = 2147483647;
			files = (
			);
			runOnlyForDeploymentPostprocessing = 0;
		};
/* End PBXFrameworksBuildPhase section */

/* Begin PBXGroup section */
		023F345B1E1B663D00D03874 /* Objects */ = {
			isa = PBXGroup;
			children = (
				02EF688C1E1A73A900A9DF6C /* Summoner.swift */,
				023F34531E1AF40400D03874 /* Region.swift */,
			);
			name = Objects;
			sourceTree = "<group>";
		};
		02EF686F1E1A5AF400A9DF6C = {
			isa = PBXGroup;
			children = (
				02EF687A1E1A5AF400A9DF6C /* LoL-Friends */,
				02EF68791E1A5AF400A9DF6C /* Products */,
			);
			sourceTree = "<group>";
		};
		02EF68791E1A5AF400A9DF6C /* Products */ = {
			isa = PBXGroup;
			children = (
				02EF68781E1A5AF400A9DF6C /* LoL-Friends.app */,
			);
			name = Products;
			sourceTree = "<group>";
		};
		02EF687A1E1A5AF400A9DF6C /* LoL-Friends */ = {
			isa = PBXGroup;
			children = (
				02EF687B1E1A5AF400A9DF6C /* AppDelegate.swift */,
				02EF68881E1A5BE000A9DF6C /* RiotDataController.swift */,
				023F345B1E1B663D00D03874 /* Objects */,
				02EF687D1E1A5AF400A9DF6C /* Assets.xcassets */,
				02EF687F1E1A5AF400A9DF6C /* MainMenu.xib */,
				02EF688E1E1A8B9B00A9DF6C /* FriendCellView.swift */,
				02EF688A1E1A680A00A9DF6C /* FriendViewController.swift */,
				02EF68821E1A5AF400A9DF6C /* Info.plist */,
				A7078EA11F88EC05006770AF /* Key.plist */,
			);
			path = "LoL-Friends";
			sourceTree = "<group>";
		};
/* End PBXGroup section */

/* Begin PBXNativeTarget section */
		02EF68771E1A5AF400A9DF6C /* LoL-Friends */ = {
			isa = PBXNativeTarget;
			buildConfigurationList = 02EF68851E1A5AF400A9DF6C /* Build configuration list for PBXNativeTarget "LoL-Friends" */;
			buildPhases = (
				02EF68741E1A5AF400A9DF6C /* Sources */,
				02EF68751E1A5AF400A9DF6C /* Frameworks */,
				02EF68761E1A5AF400A9DF6C /* Resources */,
			);
			buildRules = (
			);
			dependencies = (
			);
			name = "LoL-Friends";
			productName = "LoL Friends";
			productReference = 02EF68781E1A5AF400A9DF6C /* LoL-Friends.app */;
			productType = "com.apple.product-type.application";
		};
/* End PBXNativeTarget section */

/* Begin PBXProject section */
		02EF68701E1A5AF400A9DF6C /* Project object */ = {
			isa = PBXProject;
			attributes = {
				LastSwiftUpdateCheck = 0810;
				LastUpgradeCheck = 0810;
				ORGANIZATIONNAME = "Citron Digital";
				TargetAttributes = {
					02EF68771E1A5AF400A9DF6C = {
						CreatedOnToolsVersion = 8.1;
						ProvisioningStyle = Automatic;
					};
				};
			};
			buildConfigurationList = 02EF68731E1A5AF400A9DF6C /* Build configuration list for PBXProject "LoL-Friends" */;
			compatibilityVersion = "Xcode 3.2";
			developmentRegion = English;
			hasScannedForEncodings = 0;
			knownRegions = (
				en,
				Base,
			);
			mainGroup = 02EF686F1E1A5AF400A9DF6C;
			productRefGroup = 02EF68791E1A5AF400A9DF6C /* Products */;
			projectDirPath = "";
			projectRoot = "";
			targets = (
				02EF68771E1A5AF400A9DF6C /* LoL-Friends */,
			);
		};
/* End PBXProject section */

/* Begin PBXResourcesBuildPhase section */
		02EF68761E1A5AF400A9DF6C /* Resources */ = {
			isa = PBXResourcesBuildPhase;
			buildActionMask = 2147483647;
			files = (
				02EF687E1E1A5AF400A9DF6C /* Assets.xcassets in Resources */,
				02EF68811E1A5AF400A9DF6C /* MainMenu.xib in Resources */,
				A7078EA21F88EC05006770AF /* Key.plist in Resources */,
			);
			runOnlyForDeploymentPostprocessing = 0;
		};
/* End PBXResourcesBuildPhase section */

/* Begin PBXSourcesBuildPhase section */
		02EF68741E1A5AF400A9DF6C /* Sources */ = {
			isa = PBXSourcesBuildPhase;
			buildActionMask = 2147483647;
			files = (
				02EF688B1E1A680A00A9DF6C /* FriendViewController.swift in Sources */,
				02EF687C1E1A5AF400A9DF6C /* AppDelegate.swift in Sources */,
				02EF68891E1A5BE000A9DF6C /* RiotDataController.swift in Sources */,
				023F34541E1AF40400D03874 /* Region.swift in Sources */,
				02EF688F1E1A8B9B00A9DF6C /* FriendCellView.swift in Sources */,
				02EF688D1E1A73A900A9DF6C /* Summoner.swift in Sources */,
			);
			runOnlyForDeploymentPostprocessing = 0;
		};
/* End PBXSourcesBuildPhase section */

/* Begin PBXVariantGroup section */
		02EF687F1E1A5AF400A9DF6C /* MainMenu.xib */ = {
			isa = PBXVariantGroup;
			children = (
				02EF68801E1A5AF400A9DF6C /* Base */,
			);
			name = MainMenu.xib;
			sourceTree = "<group>";
		};
/* End PBXVariantGroup section */

/* Begin XCBuildConfiguration section */
		02EF68831E1A5AF400A9DF6C /* Debug */ = {
			isa = XCBuildConfiguration;
			buildSettings = {
				ALWAYS_SEARCH_USER_PATHS = NO;
				CLANG_ANALYZER_NONNULL = YES;
				CLANG_CXX_LANGUAGE_STANDARD = "gnu++0x";
				CLANG_CXX_LIBRARY = "libc++";
				CLANG_ENABLE_MODULES = YES;
				CLANG_ENABLE_OBJC_ARC = YES;
				CLANG_WARN_BOOL_CONVERSION = YES;
				CLANG_WARN_CONSTANT_CONVERSION = YES;
				CLANG_WARN_DIRECT_OBJC_ISA_USAGE = YES_ERROR;
				CLANG_WARN_DOCUMENTATION_COMMENTS = YES;
				CLANG_WARN_EMPTY_BODY = YES;
				CLANG_WARN_ENUM_CONVERSION = YES;
				CLANG_WARN_INFINITE_RECURSION = YES;
				CLANG_WARN_INT_CONVERSION = YES;
				CLANG_WARN_OBJC_ROOT_CLASS = YES_ERROR;
				CLANG_WARN_SUSPICIOUS_MOVES = YES;
				CLANG_WARN_UNREACHABLE_CODE = YES;
				CLANG_WARN__DUPLICATE_METHOD_MATCH = YES;
				CODE_SIGN_IDENTITY = "-";
				COPY_PHASE_STRIP = NO;
				DEBUG_INFORMATION_FORMAT = dwarf;
				ENABLE_STRICT_OBJC_MSGSEND = YES;
				ENABLE_TESTABILITY = YES;
				GCC_C_LANGUAGE_STANDARD = gnu99;
				GCC_DYNAMIC_NO_PIC = NO;
				GCC_NO_COMMON_BLOCKS = YES;
				GCC_OPTIMIZATION_LEVEL = 0;
				GCC_PREPROCESSOR_DEFINITIONS = (
					"DEBUG=1",
					"$(inherited)",
				);
				GCC_WARN_64_TO_32_BIT_CONVERSION = YES;
				GCC_WARN_ABOUT_RETURN_TYPE = YES_ERROR;
				GCC_WARN_UNDECLARED_SELECTOR = YES;
				GCC_WARN_UNINITIALIZED_AUTOS = YES_AGGRESSIVE;
				GCC_WARN_UNUSED_FUNCTION = YES;
				GCC_WARN_UNUSED_VARIABLE = YES;
				MACOSX_DEPLOYMENT_TARGET = 10.12;
				MTL_ENABLE_DEBUG_INFO = YES;
				ONLY_ACTIVE_ARCH = YES;
				SDKROOT = macosx;
				SWIFT_ACTIVE_COMPILATION_CONDITIONS = DEBUG;
				SWIFT_OPTIMIZATION_LEVEL = "-Onone";
			};
			name = Debug;
		};
		02EF68841E1A5AF400A9DF6C /* Release */ = {
			isa = XCBuildConfiguration;
			buildSettings = {
				ALWAYS_SEARCH_USER_PATHS = NO;
				CLANG_ANALYZER_NONNULL = YES;
				CLANG_CXX_LANGUAGE_STANDARD = "gnu++0x";
				CLANG_CXX_LIBRARY = "libc++";
				CLANG_ENABLE_MODULES = YES;
				CLANG_ENABLE_OBJC_ARC = YES;
				CLANG_WARN_BOOL_CONVERSION = YES;
				CLANG_WARN_CONSTANT_CONVERSION = YES;
				CLANG_WARN_DIRECT_OBJC_ISA_USAGE = YES_ERROR;
				CLANG_WARN_DOCUMENTATION_COMMENTS = YES;
				CLANG_WARN_EMPTY_BODY = YES;
				CLANG_WARN_ENUM_CONVERSION = YES;
				CLANG_WARN_INFINITE_RECURSION = YES;
				CLANG_WARN_INT_CONVERSION = YES;
				CLANG_WARN_OBJC_ROOT_CLASS = YES_ERROR;
				CLANG_WARN_SUSPICIOUS_MOVES = YES;
				CLANG_WARN_UNREACHABLE_CODE = YES;
				CLANG_WARN__DUPLICATE_METHOD_MATCH = YES;
				CODE_SIGN_IDENTITY = "-";
				COPY_PHASE_STRIP = NO;
				DEBUG_INFORMATION_FORMAT = "dwarf-with-dsym";
				ENABLE_NS_ASSERTIONS = NO;
				ENABLE_STRICT_OBJC_MSGSEND = YES;
				GCC_C_LANGUAGE_STANDARD = gnu99;
				GCC_NO_COMMON_BLOCKS = YES;
				GCC_WARN_64_TO_32_BIT_CONVERSION = YES;
				GCC_WARN_ABOUT_RETURN_TYPE = YES_ERROR;
				GCC_WARN_UNDECLARED_SELECTOR = YES;
				GCC_WARN_UNINITIALIZED_AUTOS = YES_AGGRESSIVE;
				GCC_WARN_UNUSED_FUNCTION = YES;
				GCC_WARN_UNUSED_VARIABLE = YES;
				MACOSX_DEPLOYMENT_TARGET = 10.12;
				MTL_ENABLE_DEBUG_INFO = NO;
				SDKROOT = macosx;
				SWIFT_OPTIMIZATION_LEVEL = "-Owholemodule";
			};
			name = Release;
		};
		02EF68861E1A5AF400A9DF6C /* Debug */ = {
			isa = XCBuildConfiguration;
			buildSettings = {
				ASSETCATALOG_COMPILER_APPICON_NAME = AppIcon;
				COMBINE_HIDPI_IMAGES = YES;
				INFOPLIST_FILE = "LoL-Friends/Info.plist";
				LD_RUNPATH_SEARCH_PATHS = "$(inherited) @executable_path/../Frameworks";
				MACOSX_DEPLOYMENT_TARGET = 10.11;
				PRODUCT_BUNDLE_IDENTIFIER = "io.ariari.LoL-Friends";
				PRODUCT_NAME = "$(TARGET_NAME)";
				SWIFT_VERSION = 3.0;
			};
			name = Debug;
		};
		02EF68871E1A5AF400A9DF6C /* Release */ = {
			isa = XCBuildConfiguration;
			buildSettings = {
				ASSETCATALOG_COMPILER_APPICON_NAME = AppIcon;
				COMBINE_HIDPI_IMAGES = YES;
				INFOPLIST_FILE = "LoL-Friends/Info.plist";
				LD_RUNPATH_SEARCH_PATHS = "$(inherited) @executable_path/../Frameworks";
				MACOSX_DEPLOYMENT_TARGET = 10.11;
				PRODUCT_BUNDLE_IDENTIFIER = "io.ariari.LoL-Friends";
				PRODUCT_NAME = "$(TARGET_NAME)";
				SWIFT_VERSION = 3.0;
			};
			name = Release;
		};
/* End XCBuildConfiguration section */

/* Begin XCConfigurationList section */
		02EF68731E1A5AF400A9DF6C /* Build configuration list for PBXProject "LoL-Friends" */ = {
			isa = XCConfigurationList;
			buildConfigurations = (
				02EF68831E1A5AF400A9DF6C /* Debug */,
				02EF68841E1A5AF400A9DF6C /* Release */,
			);
			defaultConfigurationIsVisible = 0;
			defaultConfigurationName = Release;
		};
		02EF68851E1A5AF400A9DF6C /* Build configuration list for PBXNativeTarget "LoL-Friends" */ = {
			isa = XCConfigurationList;
			buildConfigurations = (
				02EF68861E1A5AF400A9DF6C /* Debug */,
				02EF68871E1A5AF400A9DF6C /* Release */,
			);
			defaultConfigurationIsVisible = 0;
			defaultConfigurationName = Release;
		};
/* End XCConfigurationList section */
	};
	rootObject = 02EF68701E1A5AF400A9DF6C /* Project object */;
}
